<?xml version="1.0" encoding="utf-8"?>
<Project ToolsVersion="4.0" xmlns="http://schemas.microsoft.com/developer/msbuild/2003">
  <ItemGroup>
    <ClCompile Include="Source\_vulkan.cpp" />
    <ClCompile Include="Source\vkAcquireNextImageKHR.cpp" />
    <ClCompile Include="Source\vkAllocateCommandBuffers.cpp" />
    <ClCompile Include="Source\vkAllocateDescriptorSets.cpp" />
    <ClCompile Include="Source\vkAllocateMemory.cpp" />
    <ClCompile Include="Source\vkBeginCommandBuffer.cpp" />
    <ClCompile Include="Source\vkBindBufferMemory.cpp" />
    <ClCompile Include="Source\vkBindImageMemory.cpp" />
    <ClCompile Include="Source\vkCmdBeginQuery.cpp" />
    <ClCompile Include="Source\vkCmdBeginRenderPass.cpp" />
    <ClCompile Include="Source\vkCmdBindDescriptorSets.cpp" />
    <ClCompile Include="Source\vkCmdBindIndexBuffer.cpp" />
    <ClCompile Include="Source\vkCmdBindPipeline.cpp" />
    <ClCompile Include="Source\vkCmdBindVertexBuffers.cpp" />
    <ClCompile Include="Source\vkCmdBlitImage.cpp" />
    <ClCompile Include="Source\vkCmdClearAttachments.cpp" />
    <ClCompile Include="Source\vkCmdClearColorImage.cpp" />
    <ClCompile Include="Source\vkCmdClearDepthStencilImage.cpp" />
    <ClCompile Include="Source\vkCmdCopyBuffer.cpp" />
    <ClCompile Include="Source\vkCmdCopyBufferToImage.cpp" />
    <ClCompile Include="Source\vkCmdCopyImage.cpp" />
    <ClCompile Include="Source\vkCmdCopyImageToBuffer.cpp" />
    <ClCompile Include="Source\vkCmdCopyQueryPoolResults.cpp" />
    <ClCompile Include="Source\vkCmdDispatch.cpp" />
    <ClCompile Include="Source\vkCmdDispatchIndirect.cpp" />
    <ClCompile Include="Source\vkCmdDraw.cpp" />
    <ClCompile Include="Source\vkCmdDrawIndexed.cpp" />
    <ClCompile Include="Source\vkCmdDrawIndexedIndirect.cpp" />
    <ClCompile Include="Source\vkCmdDrawIndirect.cpp" />
    <ClCompile Include="Source\vkCmdEndQuery.cpp" />
    <ClCompile Include="Source\vkCmdEndRenderPass.cpp" />
    <ClCompile Include="Source\vkCmdExecuteCommands.cpp" />
    <ClCompile Include="Source\vkCmdFillBuffer.cpp" />
    <ClCompile Include="Source\vkCmdNextSubpass.cpp" />
    <ClCompile Include="Source\vkCmdPipelineBarrier.cpp" />
    <ClCompile Include="Source\vkCmdPushConstants.cpp" />
    <ClCompile Include="Source\vkCmdResetEvent.cpp" />
    <ClCompile Include="Source\vkCmdResetQueryPool.cpp" />
    <ClCompile Include="Source\vkCmdResolveImage.cpp" />
    <ClCompile Include="Source\vkCmdSetBlendConstants.cpp" />
    <ClCompile Include="Source\vkCmdSetDepthBias.cpp" />
    <ClCompile Include="Source\vkCmdSetDepthBounds.cpp" />
    <ClCompile Include="Source\vkCmdSetEvent.cpp" />
    <ClCompile Include="Source\vkCmdSetLineWidth.cpp" />
    <ClCompile Include="Source\vkCmdSetScissor.cpp" />
    <ClCompile Include="Source\vkCmdSetStencilCompareMask.cpp" />
    <ClCompile Include="Source\vkCmdSetStencilReference.cpp" />
    <ClCompile Include="Source\vkCmdSetStencilWriteMask.cpp" />
    <ClCompile Include="Source\vkCmdSetViewport.cpp" />
    <ClCompile Include="Source\vkCmdUpdateBuffer.cpp" />
    <ClCompile Include="Source\vkCmdWaitEvents.cpp" />
    <ClCompile Include="Source\vkCmdWriteTimestamp.cpp" />
    <ClCompile Include="Source\vkCreateBuffer.cpp" />
    <ClCompile Include="Source\vkCreateBufferView.cpp" />
    <ClCompile Include="Source\vkCreateCommandPool.cpp" />
    <ClCompile Include="Source\vkCreateComputePipelines.cpp" />
    <ClCompile Include="Source\vkCreateDebugReportCallbackEXT.cpp" />
    <ClCompile Include="Source\vkCreateDescriptorPool.cpp" />
    <ClCompile Include="Source\vkCreateDescriptorSetLayout.cpp" />
    <ClCompile Include="Source\vkCreateDevice.cpp" />
    <ClCompile Include="Source\vkCreateEvent.cpp" />
    <ClCompile Include="Source\vkCreateFence.cpp" />
    <ClCompile Include="Source\vkCreateFramebuffer.cpp" />
    <ClCompile Include="Source\vkCreateGraphicsPipelines.cpp" />
    <ClCompile Include="Source\vkCreateImage.cpp" />
    <ClCompile Include="Source\vkCreateImageView.cpp" />
    <ClCompile Include="Source\vkCreateInstance.cpp" />
    <ClCompile Include="Source\vkCreatePipelineCache.cpp" />
    <ClCompile Include="Source\vkCreatePipelineLayout.cpp" />
    <ClCompile Include="Source\vkCreateQueryPool.cpp" />
    <ClCompile Include="Source\vkCreateRenderPass.cpp" />
    <ClCompile Include="Source\vkCreateSampler.cpp" />
    <ClCompile Include="Source\vkCreateSemaphore.cpp" />
    <ClCompile Include="Source\vkCreateShaderModule.cpp" />
    <ClCompile Include="Source\vkCreateSwapchainKHR.cpp" />
    <ClCompile Include="Source\vkDebugReportMessageEXT.cpp" />
    <ClCompile Include="Source\vkDestroyBuffer.cpp" />
    <ClCompile Include="Source\vkDestroyBufferView.cpp" />
    <ClCompile Include="Source\vkDestroyCommandPool.cpp" />
    <ClCompile Include="Source\vkDestroyDebugReportCallbackEXT.cpp" />
    <ClCompile Include="Source\vkDestroyDescriptorPool.cpp" />
    <ClCompile Include="Source\vkDestroyDescriptorSetLayout.cpp" />
    <ClCompile Include="Source\vkDestroyDevice.cpp" />
    <ClCompile Include="Source\vkDestroyEvent.cpp" />
    <ClCompile Include="Source\vkDestroyFence.cpp" />
    <ClCompile Include="Source\vkDestroyFramebuffer.cpp" />
    <ClCompile Include="Source\vkDestroyImage.cpp" />
    <ClCompile Include="Source\vkDestroyImageView.cpp" />
    <ClCompile Include="Source\vkDestroyInstance.cpp" />
    <ClCompile Include="Source\vkDestroyPipeline.cpp" />
    <ClCompile Include="Source\vkDestroyPipelineCache.cpp" />
    <ClCompile Include="Source\vkDestroyPipelineLayout.cpp" />
    <ClCompile Include="Source\vkDestroyQueryPool.cpp" />
    <ClCompile Include="Source\vkDestroyRenderPass.cpp" />
    <ClCompile Include="Source\vkDestroySampler.cpp" />
    <ClCompile Include="Source\vkDestroySemaphore.cpp" />
    <ClCompile Include="Source\vkDestroyShaderModule.cpp" />
    <ClCompile Include="Source\vkDestroySurfaceKHR.cpp" />
    <ClCompile Include="Source\vkDestroySwapchainKHR.cpp" />
    <ClCompile Include="Source\vkDeviceWaitIdle.cpp" />
    <ClCompile Include="Source\vkEndCommandBuffer.cpp" />
    <ClCompile Include="Source\vkEnumerateDeviceExtensionProperties.cpp" />
    <ClCompile Include="Source\vkEnumerateDeviceLayerProperties.cpp" />
    <ClCompile Include="Source\vkEnumerateInstanceExtensionProperties.cpp" />
    <ClCompile Include="Source\vkEnumerateInstanceLayerProperties.cpp" />
    <ClCompile Include="Source\vkEnumeratePhysicalDevices.cpp" />
    <ClCompile Include="Source\vkFlushMappedMemoryRanges.cpp" />
    <ClCompile Include="Source\vkFreeCommandBuffers.cpp" />
    <ClCompile Include="Source\vkFreeDescriptorSets.cpp" />
    <ClCompile Include="Source\vkFreeMemory.cpp" />
    <ClCompile Include="Source\vkGetBufferMemoryRequirements.cpp" />
    <ClCompile Include="Source\vkGetDeviceMemoryCommitment.cpp" />
    <ClCompile Include="Source\vkGetDeviceProcAddr.cpp" />
    <ClCompile Include="Source\vkGetDeviceQueue.cpp" />
    <ClCompile Include="Source\vkGetEventStatus.cpp" />
    <ClCompile Include="Source\vkGetFenceStatus.cpp" />
    <ClCompile Include="Source\vkGetImageMemoryRequirements.cpp" />
    <ClCompile Include="Source\vkGetImageSparseMemoryRequirements.cpp" />
    <ClCompile Include="Source\vkGetImageSubresourceLayout.cpp" />
    <ClCompile Include="Source\vkGetInstanceProcAddr.cpp" />
    <ClCompile Include="Source\vkGetPhysicalDeviceFeatures.cpp" />
    <ClCompile Include="Source\vkGetPhysicalDeviceFeatures2KHR.cpp" />
    <ClCompile Include="Source\vkGetPhysicalDeviceFormatProperties.cpp" />
    <ClCompile Include="Source\vkGetPhysicalDeviceFormatProperties2KHR.cpp" />
    <ClCompile Include="Source\vkGetPhysicalDeviceImageFormatProperties.cpp" />
    <ClCompile Include="Source\vkGetPhysicalDeviceImageFormatProperties2KHR.cpp" />
    <ClCompile Include="Source\vkGetPhysicalDeviceMemoryProperties.cpp" />
    <ClCompile Include="Source\vkGetPhysicalDeviceMemoryProperties2KHR.cpp" />
    <ClCompile Include="Source\vkGetPhysicalDeviceProperties.cpp" />
    <ClCompile Include="Source\vkGetPhysicalDeviceProperties2KHR.cpp" />
    <ClCompile Include="Source\vkGetPhysicalDeviceQueueFamilyProperties.cpp" />
    <ClCompile Include="Source\vkGetPhysicalDeviceQueueFamilyProperties2KHR.cpp" />
    <ClCompile Include="Source\vkGetPhysicalDeviceSparseImageFormatProperties.cpp" />
    <ClCompile Include="Source\vkGetPhysicalDeviceSparseImageFormatProperties2KHR.cpp" />
    <ClCompile Include="Source\vkGetPhysicalDeviceSurfaceCapabilitiesKHR.cpp" />
    <ClCompile Include="Source\vkGetPhysicalDeviceSurfaceFormatsKHR.cpp" />
    <ClCompile Include="Source\vkGetPhysicalDeviceSurfacePresentModesKHR.cpp" />
    <ClCompile Include="Source\vkGetPhysicalDeviceSurfaceSupportKHR.cpp" />
    <ClCompile Include="Source\vkGetPipelineCacheData.cpp" />
    <ClCompile Include="Source\vkGetQueryPoolResults.cpp" />
    <ClCompile Include="Source\vkGetRenderAreaGranularity.cpp" />
    <ClCompile Include="Source\vkGetSwapchainImagesKHR.cpp" />
    <ClCompile Include="Source\vkInvalidateMappedMemoryRanges.cpp" />
    <ClCompile Include="Source\vkMapMemory.cpp" />
    <ClCompile Include="Source\vkMergePipelineCaches.cpp" />
    <ClCompile Include="Source\vkQueueBindSparse.cpp" />
    <ClCompile Include="Source\vkQueuePresentKHR.cpp" />
    <ClCompile Include="Source\vkQueueSubmit.cpp" />
    <ClCompile Include="Source\vkQueueWaitIdle.cpp" />
    <ClCompile Include="Source\vkResetCommandBuffer.cpp" />
    <ClCompile Include="Source\vkResetCommandPool.cpp" />
    <ClCompile Include="Source\vkResetDescriptorPool.cpp" />
    <ClCompile Include="Source\vkResetEvent.cpp" />
    <ClCompile Include="Source\vkResetFences.cpp" />
    <ClCompile Include="Source\vkSetEvent.cpp" />
    <ClCompile Include="Source\vkUnmapMemory.cpp" />
    <ClCompile Include="Source\vkUpdateDescriptorSets.cpp" />
    <ClCompile Include="Source\vkWaitForFences.cpp" />
    <ClCompile Include="Source\pch.cpp" />
    <ClCompile Include="Source\vkTrimCommandPoolKHR.cpp" />
    <ClCompile Include="Source\vkCreateWin32SurfaceKHR.cpp" />
    <ClCompile Include="Source\vkGetPhysicalDeviceWin32PresentationSupportKHR.cpp" />
  </ItemGroup>
  <ItemGroup>
    <ClInclude Include="Source\_vulkan.h" />
    <ClInclude Include="Source\d3dx12.h" />
    <ClInclude Include="Source\d3dx12Residency.h" />
    <ClInclude Include="Source\vk_platform.h" />
    <ClInclude Include="Source\vulkan.h" />
    <ClInclude Include="Source\pch.h" />
  </ItemGroup>
</Project>